// !$*UTF8*$!
{
	archiveVersion = 1;
	classes = {
	};
	objectVersion = 46;
	objects = {

/* Begin PBXBuildFile section */
		6D8E012B16CF9142004DF17F /* UIKit.framework in Frameworks */ = {isa = PBXBuildFile; fileRef = 6D8E012A16CF9142004DF17F /* UIKit.framework */; };
		6D8E012D16CF9142004DF17F /* Foundation.framework in Frameworks */ = {isa = PBXBuildFile; fileRef = 6D8E012C16CF9142004DF17F /* Foundation.framework */; };
		6D8E012F16CF9142004DF17F /* CoreGraphics.framework in Frameworks */ = {isa = PBXBuildFile; fileRef = 6D8E012E16CF9142004DF17F /* CoreGraphics.framework */; };
		6D8E013516CF9142004DF17F /* InfoPlist.strings in Resources */ = {isa = PBXBuildFile; fileRef = 6D8E013316CF9142004DF17F /* InfoPlist.strings */; };
		6D8E013716CF9142004DF17F /* main.m in Sources */ = {isa = PBXBuildFile; fileRef = 6D8E013616CF9142004DF17F /* main.m */; };
		6D8E013B16CF9142004DF17F /* AppDelegate.m in Sources */ = {isa = PBXBuildFile; fileRef = 6D8E013A16CF9142004DF17F /* AppDelegate.m */; };
		6D8E013D16CF9143004DF17F /* Default.png in Resources */ = {isa = PBXBuildFile; fileRef = 6D8E013C16CF9142004DF17F /* Default.png */; };
		6D8E013F16CF9143004DF17F /* Default@2x.png in Resources */ = {isa = PBXBuildFile; fileRef = 6D8E013E16CF9143004DF17F /* Default@2x.png */; };
		6D8E014116CF9143004DF17F /* Default-568h@2x.png in Resources */ = {isa = PBXBuildFile; fileRef = 6D8E014016CF9143004DF17F /* Default-568h@2x.png */; };
		6D8E014416CF9143004DF17F /* ViewController.m in Sources */ = {isa = PBXBuildFile; fileRef = 6D8E014316CF9143004DF17F /* ViewController.m */; };
		6D8E014716CF9143004DF17F /* ViewController.xib in Resources */ = {isa = PBXBuildFile; fileRef = 6D8E014516CF9143004DF17F /* ViewController.xib */; };
/* End PBXBuildFile section */

/* Begin PBXFileReference section */
		6D8E012716CF9142004DF17F /* MoveUp.app */ = {isa = PBXFileReference; explicitFileType = wrapper.application; includeInIndex = 0; path = MoveUp.app; sourceTree = BUILT_PRODUCTS_DIR; };
		6D8E012A16CF9142004DF17F /* UIKit.framework */ = {isa = PBXFileReference; lastKnownFileType = wrapper.framework; name = UIKit.framework; path = System/Library/Frameworks/UIKit.framework; sourceTree = SDKROOT; };
		6D8E012C16CF9142004DF17F /* Foundation.framework */ = {isa = PBXFileReference; lastKnownFileType = wrapper.framework; name = Foundation.framework; path = System/Library/Frameworks/Foundation.framework; sourceTree = SDKROOT; };
		6D8E012E16CF9142004DF17F /* CoreGraphics.framework */ = {isa = PBXFileReference; lastKnownFileType = wrapper.framework; name = CoreGraphics.framework; path = System/Library/Frameworks/CoreGraphics.framework; sourceTree = SDKROOT; };
		6D8E013216CF9142004DF17F /* MoveUp-Info.plist */ = {isa = PBXFileReference; lastKnownFileType = text.plist.xml; path = "MoveUp-Info.plist"; sourceTree = "<group>"; };
		6D8E013416CF9142004DF17F /* en */ = {isa = PBXFileReference; lastKnownFileType = text.plist.strings; name = en; path = en.lproj/InfoPlist.strings; sourceTree = "<group>"; };
		6D8E013616CF9142004DF17F /* main.m */ = {isa = PBXFileReference; lastKnownFileType = sourcecode.c.objc; path = main.m; sourceTree = "<group>"; };
		6D8E013816CF9142004DF17F /* MoveUp-Prefix.pch */ = {isa = PBXFileReference; lastKnownFileType = sourcecode.c.h; path = "MoveUp-Prefix.pch"; sourceTree = "<group>"; };
		6D8E013916CF9142004DF17F /* AppDelegate.h */ = {isa = PBXFileReference; lastKnownFileType = sourcecode.c.h; path = AppDelegate.h; sourceTree = "<group>"; };
		6D8E013A16CF9142004DF17F /* AppDelegate.m */ = {isa = PBXFileReference; lastKnownFileType = sourcecode.c.objc; path = AppDelegate.m; sourceTree = "<group>"; };
		6D8E013C16CF9142004DF17F /* Default.png */ = {isa = PBXFileReference; lastKnownFileType = image.png; path = Default.png; sourceTree = "<group>"; };
		6D8E013E16CF9143004DF17F /* Default@2x.png */ = {isa = PBXFileReference; lastKnownFileType = image.png; path = "Default@2x.png"; sourceTree = "<group>"; };
		6D8E014016CF9143004DF17F /* Default-568h@2x.png */ = {isa = PBXFileReference; lastKnownFileType = image.png; path = "Default-568h@2x.png"; sourceTree = "<group>"; };
		6D8E014216CF9143004DF17F /* ViewController.h */ = {isa = PBXFileReference; lastKnownFileType = sourcecode.c.h; path = ViewController.h; sourceTree = "<group>"; };
		6D8E014316CF9143004DF17F /* ViewController.m */ = {isa = PBXFileReference; lastKnownFileType = sourcecode.c.objc; path = ViewController.m; sourceTree = "<group>"; };
		6D8E014616CF9143004DF17F /* en */ = {isa = PBXFileReference; lastKnownFileType = file.xib; name = en; path = en.lproj/ViewController.xib; sourceTree = "<group>"; };
/* End PBXFileReference section */

/* Begin PBXFrameworksBuildPhase section */
		6D8E012416CF9142004DF17F /* Frameworks */ = {
			isa = PBXFrameworksBuildPhase;
			buildActionMask = 2147483647;
			files = (
				6D8E012B16CF9142004DF17F /* UIKit.framework in Frameworks */,
				6D8E012D16CF9142004DF17F /* Foundation.framework in Frameworks */,
				6D8E012F16CF9142004DF17F /* CoreGraphics.framework in Frameworks */,
			);
			runOnlyForDeploymentPostprocessing = 0;
		};
/* End PBXFrameworksBuildPhase section */

/* Begin PBXGroup section */
		6D8E011E16CF9142004DF17F = {
			isa = PBXGroup;
			children = (
				6D8E013016CF9142004DF17F /* MoveUp */,
				6D8E012916CF9142004DF17F /* Frameworks */,
				6D8E012816CF9142004DF17F /* Products */,
			);
			sourceTree = "<group>";
		};
		6D8E012816CF9142004DF17F /* Products */ = {
			isa = PBXGroup;
			children = (
				6D8E012716CF9142004DF17F /* MoveUp.app */,
			);
			name = Products;
			sourceTree = "<group>";
		};
		6D8E012916CF9142004DF17F /* Frameworks */ = {
			isa = PBXGroup;
			children = (
				6D8E012A16CF9142004DF17F /* UIKit.framework */,
				6D8E012C16CF9142004DF17F /* Foundation.framework */,
				6D8E012E16CF9142004DF17F /* CoreGraphics.framework */,
			);
			name = Frameworks;
			sourceTree = "<group>";
		};
		6D8E013016CF9142004DF17F /* MoveUp */ = {
			isa = PBXGroup;
			children = (
				6D8E013916CF9142004DF17F /* AppDelegate.h */,
				6D8E013A16CF9142004DF17F /* AppDelegate.m */,
				6D8E014216CF9143004DF17F /* ViewController.h */,
				6D8E014316CF9143004DF17F /* ViewController.m */,
				6D8E014516CF9143004DF17F /* ViewController.xib */,
				6D8E013116CF9142004DF17F /* Supporting Files */,
			);
			path = MoveUp;
			sourceTree = "<group>";
		};
		6D8E013116CF9142004DF17F /* Supporting Files */ = {
			isa = PBXGroup;
			children = (
				6D8E013216CF9142004DF17F /* MoveUp-Info.plist */,
				6D8E013316CF9142004DF17F /* InfoPlist.strings */,
				6D8E013616CF9142004DF17F /* main.m */,
				6D8E013816CF9142004DF17F /* MoveUp-Prefix.pch */,
				6D8E013C16CF9142004DF17F /* Default.png */,
				6D8E013E16CF9143004DF17F /* Default@2x.png */,
				6D8E014016CF9143004DF17F /* Default-568h@2x.png */,
			);
			name = "Supporting Files";
			sourceTree = "<group>";
		};
/* End PBXGroup section */

/* Begin PBXNativeTarget section */
		6D8E012616CF9142004DF17F /* MoveUp */ = {
			isa = PBXNativeTarget;
			buildConfigurationList = 6D8E014A16CF9143004DF17F /* Build configuration list for PBXNativeTarget "MoveUp" */;
			buildPhases = (
				6D8E012316CF9142004DF17F /* Sources */,
				6D8E012416CF9142004DF17F /* Frameworks */,
				6D8E012516CF9142004DF17F /* Resources */,
			);
			buildRules = (
			);
			dependencies = (
			);
			name = MoveUp;
			productName = MoveUp;
			productReference = 6D8E012716CF9142004DF17F /* MoveUp.app */;
			productType = "com.apple.product-type.application";
		};
/* End PBXNativeTarget section */

/* Begin PBXProject section */
		6D8E011F16CF9142004DF17F /* Project object */ = {
			isa = PBXProject;
			attributes = {
				LastUpgradeCheck = 0460;
				ORGANIZATIONNAME = FreeXue;
			};
			buildConfigurationList = 6D8E012216CF9142004DF17F /* Build configuration list for PBXProject "MoveUp" */;
			compatibilityVersion = "Xcode 3.2";
			developmentRegion = English;
			hasScannedForEncodings = 0;
			knownRegions = (
				en,
			);
			mainGroup = 6D8E011E16CF9142004DF17F;
			productRefGroup = 6D8E012816CF9142004DF17F /* Products */;
			projectDirPath = "";
			projectRoot = "";
			targets = (
				6D8E012616CF9142004DF17F /* MoveUp */,
			);
		};
/* End PBXProject section */

/* Begin PBXResourcesBuildPhase section */
		6D8E012516CF9142004DF17F /* Resources */ = {
			isa = PBXResourcesBuildPhase;
			buildActionMask = 2147483647;
			files = (
				6D8E013516CF9142004DF17F /* InfoPlist.strings in Resources */,
				6D8E013D16CF9143004DF17F /* Default.png in Resources */,
				6D8E013F16CF9143004DF17F /* Default@2x.png in Resources */,
				6D8E014116CF9143004DF17F /* Default-568h@2x.png in Resources */,
				6D8E014716CF9143004DF17F /* ViewController.xib in Resources */,
			);
			runOnlyForDeploymentPostprocessing = 0;
		};
/* End PBXResourcesBuildPhase section */

/* Begin PBXSourcesBuildPhase section */
		6D8E012316CF9142004DF17F /* Sources */ = {
			isa = PBXSourcesBuildPhase;
			buildActionMask = 2147483647;
			files = (
				6D8E013716CF9142004DF17F /* main.m in Sources */,
				6D8E013B16CF9142004DF17F /* AppDelegate.m in Sources */,
				6D8E014416CF9143004DF17F /* ViewController.m in Sources */,
			);
			runOnlyForDeploymentPostprocessing = 0;
		};
/* End PBXSourcesBuildPhase section */

/* Begin PBXVariantGroup section */
		6D8E013316CF9142004DF17F /* InfoPlist.strings */ = {
			isa = PBXVariantGroup;
			children = (
				6D8E013416CF9142004DF17F /* en */,
			);
			name = InfoPlist.strings;
			sourceTree = "<group>";
		};
		6D8E014516CF9143004DF17F /* ViewController.xib */ = {
			isa = PBXVariantGroup;
			children = (
				6D8E014616CF9143004DF17F /* en */,
			);
			name = ViewController.xib;
			sourceTree = "<group>";
		};
/* End PBXVariantGroup section */

/* Begin XCBuildConfiguration section */
		6D8E014816CF9143004DF17F /* Debug */ = {
			isa = XCBuildConfiguration;
			buildSettings = {
				ALWAYS_SEARCH_USER_PATHS = NO;
				CLANG_CXX_LANGUAGE_STANDARD = "gnu++0x";
				CLANG_CXX_LIBRARY = "libc++";
				CLANG_WARN_CONSTANT_CONVERSION = YES;
				CLANG_WARN_EMPTY_BODY = YES;
				CLANG_WARN_ENUM_CONVERSION = YES;
				CLANG_WARN_INT_CONVERSION = YES;
				CLANG_WARN__DUPLICATE_METHOD_MATCH = YES;
				"CODE_SIGN_IDENTITY[sdk=iphoneos*]" = "iPhone Developer";
				COPY_PHASE_STRIP = NO;
				GCC_C_LANGUAGE_STANDARD = gnu99;
				GCC_DYNAMIC_NO_PIC = NO;
				GCC_OPTIMIZATION_LEVEL = 0;
				GCC_PREPROCESSOR_DEFINITIONS = (
					"DEBUG=1",
					"$(inherited)",
				);
				GCC_SYMBOLS_PRIVATE_EXTERN = NO;
				GCC_WARN_ABOUT_RETURN_TYPE = YES;
				GCC_WARN_UNINITIALIZED_AUTOS = YES;
				GCC_WARN_UNUSED_VARIABLE = YES;
				IPHONEOS_DEPLOYMENT_TARGET = 6.1;
				ONLY_ACTIVE_ARCH = YES;
				SDKROOT = iphoneos;
			};
			name = Debug;
		};
		6D8E014916CF9143004DF17F /* Release */ = {
			isa = XCBuildConfiguration;
			buildSettings = {
				ALWAYS_SEARCH_USER_PATHS = NO;
				CLANG_CXX_LANGUAGE_STANDARD = "gnu++0x";
				CLANG_CXX_LIBRARY = "libc++";
				CLANG_WARN_CONSTANT_CONVERSION = YES;
				CLANG_WARN_EMPTY_BODY = YES;
				CLANG_WARN_ENUM_CONVERSION = YES;
				CLANG_WARN_INT_CONVERSION = YES;
				CLANG_WARN__DUPLICATE_METHOD_MATCH = YES;
				"CODE_SIGN_IDENTITY[sdk=iphoneos*]" = "iPhone Developer";
				COPY_PHASE_STRIP = YES;
				GCC_C_LANGUAGE_STANDARD = gnu99;
				GCC_WARN_ABOUT_RETURN_TYPE = YES;
				GCC_WARN_UNINITIALIZED_AUTOS = YES;
				GCC_WARN_UNUSED_VARIABLE = YES;
				IPHONEOS_DEPLOYMENT_TARGET = 6.1;
				OTHER_CFLAGS = "-DNS_BLOCK_ASSERTIONS=1";
				SDKROOT = iphoneos;
				VALIDATE_PRODUCT = YES;
			};
			name = Release;
		};
		6D8E014B16CF9143004DF17F /* Debug */ = {
			isa = XCBuildConfiguration;
			buildSettings = {
				GCC_PRECOMPILE_PREFIX_HEADER = YES;
				GCC_PREFIX_HEADER = "MoveUp/MoveUp-Prefix.pch";
				INFOPLIST_FILE = "MoveUp/MoveUp-Info.plist";
				PRODUCT_NAME = "$(TARGET_NAME)";
				WRAPPER_EXTENSION = app;
			};
			name = Debug;
		};
		6D8E014C16CF9143004DF17F /* Release */ = {
			isa = XCBuildConfiguration;
			buildSettings = {
				GCC_PRECOMPILE_PREFIX_HEADER = YES;
				GCC_PREFIX_HEADER = "MoveUp/MoveUp-Prefix.pch";
				INFOPLIST_FILE = "MoveUp/MoveUp-Info.plist";
				PRODUCT_NAME = "$(TARGET_NAME)";
				WRAPPER_EXTENSION = app;
			};
			name = Release;
		};
/* End XCBuildConfiguration section */

/* Begin XCConfigurationList section */
		6D8E012216CF9142004DF17F /* Build configuration list for PBXProject "MoveUp" */ = {
			isa = XCConfigurationList;
			buildConfigurations = (
				6D8E014816CF9143004DF17F /* Debug */,
				6D8E014916CF9143004DF17F /* Release */,
			);
			defaultConfigurationIsVisible = 0;
			defaultConfigurationName = Release;
		};
		6D8E014A16CF9143004DF17F /* Build configuration list for PBXNativeTarget "MoveUp" */ = {
			isa = XCConfigurationList;
			buildConfigurations = (
				6D8E014B16CF9143004DF17F /* Debug */,
				6D8E014C16CF9143004DF17F /* Release */,
			);
			defaultConfigurationIsVisible = 0;
		};
/* End XCConfigurationList section */
	};
	rootObject = 6D8E011F16CF9142004DF17F /* Project object */;
}
